PODS:
  - tapkit (1.1.2)

DEPENDENCIES:
  - tapkit (from `https://github.com/kvmisc/tapkit.git`)

EXTERNAL SOURCES:
  tapkit:
    :git: https://github.com/kvmisc/tapkit.git

CHECKOUT OPTIONS:
  tapkit:
    :commit: 021d9ef8aea16ed5667646a7e9bd37f26ea651fa
    :git: https://github.com/kvmisc/tapkit.git

SPEC CHECKSUMS:
  tapkit: 80194f40b0eb5904b5997d85e15bdaf585f568a2

COCOAPODS: 0.36.0.beta.1
