PODS:
  - tapkit (1.0.10)

DEPENDENCIES:
  - tapkit (from `https://github.com/kvmisc/tapkit.git`)

EXTERNAL SOURCES:
  tapkit:
    :git: https://github.com/kvmisc/tapkit.git

CHECKOUT OPTIONS:
  tapkit:
    :commit: 96ca8f6adfb503e6217cf8e9b910ea5e00bf3090
    :git: https://github.com/kvmisc/tapkit.git

SPEC CHECKSUMS:
  tapkit: e5befa518e7558337311c2cfcc1cfdb57b4638a7

COCOAPODS: 0.35.0
