PODS:
  - CocoaLumberjack (1.9.2):
    - CocoaLumberjack/Extensions (= 1.9.2)
  - CocoaLumberjack/Core (1.9.2)
  - CocoaLumberjack/Extensions (1.9.2):
    - CocoaLumberjack/Core
  - tapkit (1.0.10)

DEPENDENCIES:
  - CocoaLumberjack (~> 1.9.0)
  - tapkit (from `https://github.com/kvmisc/tapkit.git`)

EXTERNAL SOURCES:
  tapkit:
    :git: https://github.com/kvmisc/tapkit.git

CHECKOUT OPTIONS:
  tapkit:
    :commit: 96ca8f6adfb503e6217cf8e9b910ea5e00bf3090
    :git: https://github.com/kvmisc/tapkit.git

SPEC CHECKSUMS:
  CocoaLumberjack: 205769c032b5fef85b92472046bcc8b7e7c8a817
  tapkit: e5befa518e7558337311c2cfcc1cfdb57b4638a7

COCOAPODS: 0.35.0
