// !$*UTF8*$!
{
	archiveVersion = 1;
	classes = {
	};
	objectVersion = 46;
	objects = {

/* Begin PBXBuildFile section */
		0A4CCDFC1A4D325D001FE73B /* pri1024.key in Resources */ = {isa = PBXBuildFile; fileRef = 0A4CCDF81A4D325D001FE73B /* pri1024.key */; };
		0A4CCDFD1A4D325D001FE73B /* pri2048.key in Resources */ = {isa = PBXBuildFile; fileRef = 0A4CCDF91A4D325D001FE73B /* pri2048.key */; };
		0A4CCDFE1A4D325D001FE73B /* pub1024.key in Resources */ = {isa = PBXBuildFile; fileRef = 0A4CCDFA1A4D325D001FE73B /* pub1024.key */; };
		0A4CCDFF1A4D325D001FE73B /* pub2048.key in Resources */ = {isa = PBXBuildFile; fileRef = 0A4CCDFB1A4D325D001FE73B /* pub2048.key */; };
		0A5F485B1981482A00A1DA9A /* Foundation.framework in Frameworks */ = {isa = PBXBuildFile; fileRef = 0A5F485A1981482A00A1DA9A /* Foundation.framework */; };
		0A5F485F1981482A00A1DA9A /* UIKit.framework in Frameworks */ = {isa = PBXBuildFile; fileRef = 0A5F485E1981482A00A1DA9A /* UIKit.framework */; };
		0A5F48671981482A00A1DA9A /* main.m in Sources */ = {isa = PBXBuildFile; fileRef = 0A5F48661981482A00A1DA9A /* main.m */; };
		0A5F486B1981482A00A1DA9A /* AppDelegate.m in Sources */ = {isa = PBXBuildFile; fileRef = 0A5F486A1981482A00A1DA9A /* AppDelegate.m */; };
		0A5F486D1981482A00A1DA9A /* Images.xcassets in Resources */ = {isa = PBXBuildFile; fileRef = 0A5F486C1981482A00A1DA9A /* Images.xcassets */; };
		0A5F49C81981530A00A1DA9A /* TKViewController.m in Sources */ = {isa = PBXBuildFile; fileRef = 0A5F49C51981530A00A1DA9A /* TKViewController.m */; };
		0A5F49CF19815D6000A1DA9A /* big.jpg in Resources */ = {isa = PBXBuildFile; fileRef = 0A5F49C919815D6000A1DA9A /* big.jpg */; };
		0A5F49D019815D6000A1DA9A /* medium.jpg in Resources */ = {isa = PBXBuildFile; fileRef = 0A5F49CA19815D6000A1DA9A /* medium.jpg */; };
		0A5F49D119815D6000A1DA9A /* plain.txt in Resources */ = {isa = PBXBuildFile; fileRef = 0A5F49CB19815D6000A1DA9A /* plain.txt */; };
		0A5F49D419815D6000A1DA9A /* small.jpg in Resources */ = {isa = PBXBuildFile; fileRef = 0A5F49CE19815D6000A1DA9A /* small.jpg */; };
		233CD20F1A4D8BCC0012D6D7 /* NSDataRSA.m in Sources */ = {isa = PBXBuildFile; fileRef = 233CD20E1A4D8BCC0012D6D7 /* NSDataRSA.m */; };
		233CD2121A4D8C080012D6D7 /* NSDataAES.m in Sources */ = {isa = PBXBuildFile; fileRef = 233CD2111A4D8C080012D6D7 /* NSDataAES.m */; };
		2376F9F81A519E8B00E41630 /* private.pem in Resources */ = {isa = PBXBuildFile; fileRef = 2376F9F61A519E8B00E41630 /* private.pem */; };
		2376F9F91A519E8B00E41630 /* public.der in Resources */ = {isa = PBXBuildFile; fileRef = 2376F9F71A519E8B00E41630 /* public.der */; };
		2376F9FC1A51A47B00E41630 /* private.pfx in Resources */ = {isa = PBXBuildFile; fileRef = 2376F9FB1A51A47B00E41630 /* private.pfx */; };
		CBE193136DA34BFB897D9600 /* libPods.a in Frameworks */ = {isa = PBXBuildFile; fileRef = D5273FB58F7E4BF698F04DEA /* libPods.a */; };
/* End PBXBuildFile section */

/* Begin PBXFileReference section */
		0A4CCDF81A4D325D001FE73B /* pri1024.key */ = {isa = PBXFileReference; fileEncoding = 4; lastKnownFileType = text; path = pri1024.key; sourceTree = "<group>"; };
		0A4CCDF91A4D325D001FE73B /* pri2048.key */ = {isa = PBXFileReference; fileEncoding = 4; lastKnownFileType = text; path = pri2048.key; sourceTree = "<group>"; };
		0A4CCDFA1A4D325D001FE73B /* pub1024.key */ = {isa = PBXFileReference; fileEncoding = 4; lastKnownFileType = text; path = pub1024.key; sourceTree = "<group>"; };
		0A4CCDFB1A4D325D001FE73B /* pub2048.key */ = {isa = PBXFileReference; fileEncoding = 4; lastKnownFileType = text; path = pub2048.key; sourceTree = "<group>"; };
		0A5F48571981482A00A1DA9A /* CryptoDemo.app */ = {isa = PBXFileReference; explicitFileType = wrapper.application; includeInIndex = 0; path = CryptoDemo.app; sourceTree = BUILT_PRODUCTS_DIR; };
		0A5F485A1981482A00A1DA9A /* Foundation.framework */ = {isa = PBXFileReference; lastKnownFileType = wrapper.framework; name = Foundation.framework; path = System/Library/Frameworks/Foundation.framework; sourceTree = SDKROOT; };
		0A5F485E1981482A00A1DA9A /* UIKit.framework */ = {isa = PBXFileReference; lastKnownFileType = wrapper.framework; name = UIKit.framework; path = System/Library/Frameworks/UIKit.framework; sourceTree = SDKROOT; };
		0A5F48621981482A00A1DA9A /* Info.plist */ = {isa = PBXFileReference; lastKnownFileType = text.plist.xml; path = Info.plist; sourceTree = "<group>"; };
		0A5F48661981482A00A1DA9A /* main.m */ = {isa = PBXFileReference; lastKnownFileType = sourcecode.c.objc; path = main.m; sourceTree = "<group>"; };
		0A5F48681981482A00A1DA9A /* Prefix.pch */ = {isa = PBXFileReference; lastKnownFileType = sourcecode.c.h; path = Prefix.pch; sourceTree = "<group>"; };
		0A5F48691981482A00A1DA9A /* AppDelegate.h */ = {isa = PBXFileReference; lastKnownFileType = sourcecode.c.h; path = AppDelegate.h; sourceTree = "<group>"; };
		0A5F486A1981482A00A1DA9A /* AppDelegate.m */ = {isa = PBXFileReference; lastKnownFileType = sourcecode.c.objc; path = AppDelegate.m; sourceTree = "<group>"; };
		0A5F486C1981482A00A1DA9A /* Images.xcassets */ = {isa = PBXFileReference; lastKnownFileType = folder.assetcatalog; path = Images.xcassets; sourceTree = "<group>"; };
		0A5F49C41981530A00A1DA9A /* TKViewController.h */ = {isa = PBXFileReference; fileEncoding = 4; lastKnownFileType = sourcecode.c.h; path = TKViewController.h; sourceTree = "<group>"; };
		0A5F49C51981530A00A1DA9A /* TKViewController.m */ = {isa = PBXFileReference; fileEncoding = 4; lastKnownFileType = sourcecode.c.objc; path = TKViewController.m; sourceTree = "<group>"; };
		0A5F49C919815D6000A1DA9A /* big.jpg */ = {isa = PBXFileReference; lastKnownFileType = image.jpeg; path = big.jpg; sourceTree = "<group>"; };
		0A5F49CA19815D6000A1DA9A /* medium.jpg */ = {isa = PBXFileReference; lastKnownFileType = image.jpeg; path = medium.jpg; sourceTree = "<group>"; };
		0A5F49CB19815D6000A1DA9A /* plain.txt */ = {isa = PBXFileReference; fileEncoding = 4; lastKnownFileType = text; path = plain.txt; sourceTree = "<group>"; };
		0A5F49CE19815D6000A1DA9A /* small.jpg */ = {isa = PBXFileReference; lastKnownFileType = image.jpeg; path = small.jpg; sourceTree = "<group>"; };
		233CD20D1A4D8BCC0012D6D7 /* NSDataRSA.h */ = {isa = PBXFileReference; fileEncoding = 4; lastKnownFileType = sourcecode.c.h; path = NSDataRSA.h; sourceTree = "<group>"; };
		233CD20E1A4D8BCC0012D6D7 /* NSDataRSA.m */ = {isa = PBXFileReference; fileEncoding = 4; lastKnownFileType = sourcecode.c.objc; path = NSDataRSA.m; sourceTree = "<group>"; };
		233CD2101A4D8C080012D6D7 /* NSDataAES.h */ = {isa = PBXFileReference; fileEncoding = 4; lastKnownFileType = sourcecode.c.h; path = NSDataAES.h; sourceTree = "<group>"; };
		233CD2111A4D8C080012D6D7 /* NSDataAES.m */ = {isa = PBXFileReference; fileEncoding = 4; lastKnownFileType = sourcecode.c.objc; path = NSDataAES.m; sourceTree = "<group>"; };
		2376F9F61A519E8B00E41630 /* private.pem */ = {isa = PBXFileReference; fileEncoding = 4; lastKnownFileType = text; path = private.pem; sourceTree = "<group>"; };
		2376F9F71A519E8B00E41630 /* public.der */ = {isa = PBXFileReference; lastKnownFileType = file; path = public.der; sourceTree = "<group>"; };
		2376F9FB1A51A47B00E41630 /* private.pfx */ = {isa = PBXFileReference; lastKnownFileType = file; path = private.pfx; sourceTree = "<group>"; };
		27148062A0104A6F6FA4087F /* Pods.debug.xcconfig */ = {isa = PBXFileReference; includeInIndex = 1; lastKnownFileType = text.xcconfig; name = Pods.debug.xcconfig; path = "Pods/Target Support Files/Pods/Pods.debug.xcconfig"; sourceTree = "<group>"; };
		3CA9F141E0AD43D8260E61FF /* Pods.release.xcconfig */ = {isa = PBXFileReference; includeInIndex = 1; lastKnownFileType = text.xcconfig; name = Pods.release.xcconfig; path = "Pods/Target Support Files/Pods/Pods.release.xcconfig"; sourceTree = "<group>"; };
		D5273FB58F7E4BF698F04DEA /* libPods.a */ = {isa = PBXFileReference; explicitFileType = archive.ar; includeInIndex = 0; path = libPods.a; sourceTree = BUILT_PRODUCTS_DIR; };
/* End PBXFileReference section */

/* Begin PBXFrameworksBuildPhase section */
		0A5F48541981482A00A1DA9A /* Frameworks */ = {
			isa = PBXFrameworksBuildPhase;
			buildActionMask = 2147483647;
			files = (
				0A5F485F1981482A00A1DA9A /* UIKit.framework in Frameworks */,
				0A5F485B1981482A00A1DA9A /* Foundation.framework in Frameworks */,
				CBE193136DA34BFB897D9600 /* libPods.a in Frameworks */,
			);
			runOnlyForDeploymentPostprocessing = 0;
		};
/* End PBXFrameworksBuildPhase section */

/* Begin PBXGroup section */
		0A4CCE001A4D3265001FE73B /* rsa_keys */ = {
			isa = PBXGroup;
			children = (
				0A4CCDF81A4D325D001FE73B /* pri1024.key */,
				0A4CCDFA1A4D325D001FE73B /* pub1024.key */,
				0A4CCDF91A4D325D001FE73B /* pri2048.key */,
				0A4CCDFB1A4D325D001FE73B /* pub2048.key */,
			);
			name = rsa_keys;
			sourceTree = "<group>";
		};
		0A4CCE011A4D3275001FE73B /* data */ = {
			isa = PBXGroup;
			children = (
				0A5F49CB19815D6000A1DA9A /* plain.txt */,
				0A5F49CE19815D6000A1DA9A /* small.jpg */,
				0A5F49CA19815D6000A1DA9A /* medium.jpg */,
				0A5F49C919815D6000A1DA9A /* big.jpg */,
			);
			name = data;
			sourceTree = "<group>";
		};
		0A5F484E1981482A00A1DA9A = {
			isa = PBXGroup;
			children = (
				0A5F48601981482A00A1DA9A /* CryptoDemo */,
				0A5F48591981482A00A1DA9A /* Frameworks */,
				0A5F48581981482A00A1DA9A /* Products */,
				C1E20967293FDFB773D2D911 /* Pods */,
			);
			sourceTree = "<group>";
		};
		0A5F48581981482A00A1DA9A /* Products */ = {
			isa = PBXGroup;
			children = (
				0A5F48571981482A00A1DA9A /* CryptoDemo.app */,
			);
			name = Products;
			sourceTree = "<group>";
		};
		0A5F48591981482A00A1DA9A /* Frameworks */ = {
			isa = PBXGroup;
			children = (
				0A5F485A1981482A00A1DA9A /* Foundation.framework */,
				0A5F485E1981482A00A1DA9A /* UIKit.framework */,
				D5273FB58F7E4BF698F04DEA /* libPods.a */,
			);
			name = Frameworks;
			sourceTree = "<group>";
		};
		0A5F48601981482A00A1DA9A /* CryptoDemo */ = {
			isa = PBXGroup;
			children = (
				0A5F48621981482A00A1DA9A /* Info.plist */,
				0A5F48661981482A00A1DA9A /* main.m */,
				0A5F48681981482A00A1DA9A /* Prefix.pch */,
				0A5F48691981482A00A1DA9A /* AppDelegate.h */,
				0A5F486A1981482A00A1DA9A /* AppDelegate.m */,
				0A5F49C41981530A00A1DA9A /* TKViewController.h */,
				0A5F49C51981530A00A1DA9A /* TKViewController.m */,
				233CD2101A4D8C080012D6D7 /* NSDataAES.h */,
				233CD2111A4D8C080012D6D7 /* NSDataAES.m */,
				233CD20D1A4D8BCC0012D6D7 /* NSDataRSA.h */,
				233CD20E1A4D8BCC0012D6D7 /* NSDataRSA.m */,
				2376F9F61A519E8B00E41630 /* private.pem */,
				2376F9F71A519E8B00E41630 /* public.der */,
				2376F9FB1A51A47B00E41630 /* private.pfx */,
				0A5F486C1981482A00A1DA9A /* Images.xcassets */,
				0A4CCE001A4D3265001FE73B /* rsa_keys */,
				0A4CCE011A4D3275001FE73B /* data */,
			);
			path = CryptoDemo;
			sourceTree = "<group>";
		};
		C1E20967293FDFB773D2D911 /* Pods */ = {
			isa = PBXGroup;
			children = (
				27148062A0104A6F6FA4087F /* Pods.debug.xcconfig */,
				3CA9F141E0AD43D8260E61FF /* Pods.release.xcconfig */,
			);
			name = Pods;
			sourceTree = "<group>";
		};
/* End PBXGroup section */

/* Begin PBXNativeTarget section */
		0A5F48561981482A00A1DA9A /* CryptoDemo */ = {
			isa = PBXNativeTarget;
			buildConfigurationList = 0A5F48831981482A00A1DA9A /* Build configuration list for PBXNativeTarget "CryptoDemo" */;
			buildPhases = (
				CDF9BD98A3144D7DBEE973A6 /* Check Pods Manifest.lock */,
				0A5F48531981482A00A1DA9A /* Sources */,
				0A5F48541981482A00A1DA9A /* Frameworks */,
				0A5F48551981482A00A1DA9A /* Resources */,
				00A447E547EA480CBEEB1A4C /* Copy Pods Resources */,
			);
			buildRules = (
			);
			dependencies = (
			);
			name = CryptoDemo;
			productName = CryptoDemo;
			productReference = 0A5F48571981482A00A1DA9A /* CryptoDemo.app */;
			productType = "com.apple.product-type.application";
		};
/* End PBXNativeTarget section */

/* Begin PBXProject section */
		0A5F484F1981482A00A1DA9A /* Project object */ = {
			isa = PBXProject;
			attributes = {
				LastUpgradeCheck = 0510;
				ORGANIZATIONNAME = Tapmob;
			};
			buildConfigurationList = 0A5F48521981482A00A1DA9A /* Build configuration list for PBXProject "CryptoDemo" */;
			compatibilityVersion = "Xcode 3.2";
			developmentRegion = English;
			hasScannedForEncodings = 0;
			knownRegions = (
				en,
			);
			mainGroup = 0A5F484E1981482A00A1DA9A;
			productRefGroup = 0A5F48581981482A00A1DA9A /* Products */;
			projectDirPath = "";
			projectRoot = "";
			targets = (
				0A5F48561981482A00A1DA9A /* CryptoDemo */,
			);
		};
/* End PBXProject section */

/* Begin PBXResourcesBuildPhase section */
		0A5F48551981482A00A1DA9A /* Resources */ = {
			isa = PBXResourcesBuildPhase;
			buildActionMask = 2147483647;
			files = (
				0A5F49CF19815D6000A1DA9A /* big.jpg in Resources */,
				0A5F486D1981482A00A1DA9A /* Images.xcassets in Resources */,
				0A4CCDFF1A4D325D001FE73B /* pub2048.key in Resources */,
				0A5F49D419815D6000A1DA9A /* small.jpg in Resources */,
				0A4CCDFC1A4D325D001FE73B /* pri1024.key in Resources */,
				0A4CCDFE1A4D325D001FE73B /* pub1024.key in Resources */,
				2376F9F81A519E8B00E41630 /* private.pem in Resources */,
				2376F9F91A519E8B00E41630 /* public.der in Resources */,
				0A5F49D019815D6000A1DA9A /* medium.jpg in Resources */,
				0A5F49D119815D6000A1DA9A /* plain.txt in Resources */,
				2376F9FC1A51A47B00E41630 /* private.pfx in Resources */,
				0A4CCDFD1A4D325D001FE73B /* pri2048.key in Resources */,
			);
			runOnlyForDeploymentPostprocessing = 0;
		};
/* End PBXResourcesBuildPhase section */

/* Begin PBXShellScriptBuildPhase section */
		00A447E547EA480CBEEB1A4C /* Copy Pods Resources */ = {
			isa = PBXShellScriptBuildPhase;
			buildActionMask = 2147483647;
			files = (
			);
			inputPaths = (
			);
			name = "Copy Pods Resources";
			outputPaths = (
			);
			runOnlyForDeploymentPostprocessing = 0;
			shellPath = /bin/sh;
			shellScript = "\"${SRCROOT}/Pods/Target Support Files/Pods/Pods-resources.sh\"\n";
			showEnvVarsInLog = 0;
		};
		CDF9BD98A3144D7DBEE973A6 /* Check Pods Manifest.lock */ = {
			isa = PBXShellScriptBuildPhase;
			buildActionMask = 2147483647;
			files = (
			);
			inputPaths = (
			);
			name = "Check Pods Manifest.lock";
			outputPaths = (
			);
			runOnlyForDeploymentPostprocessing = 0;
			shellPath = /bin/sh;
			shellScript = "diff \"${PODS_ROOT}/../Podfile.lock\" \"${PODS_ROOT}/Manifest.lock\" > /dev/null\nif [[ $? != 0 ]] ; then\n    cat << EOM\nerror: The sandbox is not in sync with the Podfile.lock. Run 'pod install' or update your CocoaPods installation.\nEOM\n    exit 1\nfi\n";
			showEnvVarsInLog = 0;
		};
/* End PBXShellScriptBuildPhase section */

/* Begin PBXSourcesBuildPhase section */
		0A5F48531981482A00A1DA9A /* Sources */ = {
			isa = PBXSourcesBuildPhase;
			buildActionMask = 2147483647;
			files = (
				0A5F486B1981482A00A1DA9A /* AppDelegate.m in Sources */,
				233CD20F1A4D8BCC0012D6D7 /* NSDataRSA.m in Sources */,
				0A5F49C81981530A00A1DA9A /* TKViewController.m in Sources */,
				0A5F48671981482A00A1DA9A /* main.m in Sources */,
				233CD2121A4D8C080012D6D7 /* NSDataAES.m in Sources */,
			);
			runOnlyForDeploymentPostprocessing = 0;
		};
/* End PBXSourcesBuildPhase section */

/* Begin XCBuildConfiguration section */
		0A5F48811981482A00A1DA9A /* Debug */ = {
			isa = XCBuildConfiguration;
			buildSettings = {
				ALWAYS_SEARCH_USER_PATHS = NO;
				CLANG_CXX_LANGUAGE_STANDARD = "gnu++0x";
				CLANG_CXX_LIBRARY = "libc++";
				CLANG_ENABLE_MODULES = YES;
				CLANG_ENABLE_OBJC_ARC = YES;
				CLANG_WARN_BOOL_CONVERSION = YES;
				CLANG_WARN_CONSTANT_CONVERSION = YES;
				CLANG_WARN_DIRECT_OBJC_ISA_USAGE = YES_ERROR;
				CLANG_WARN_EMPTY_BODY = YES;
				CLANG_WARN_ENUM_CONVERSION = YES;
				CLANG_WARN_INT_CONVERSION = YES;
				CLANG_WARN_OBJC_ROOT_CLASS = YES_ERROR;
				CLANG_WARN__DUPLICATE_METHOD_MATCH = YES;
				"CODE_SIGN_IDENTITY[sdk=iphoneos*]" = "iPhone Developer";
				COPY_PHASE_STRIP = NO;
				GCC_C_LANGUAGE_STANDARD = gnu99;
				GCC_DYNAMIC_NO_PIC = NO;
				GCC_OPTIMIZATION_LEVEL = 0;
				GCC_PREPROCESSOR_DEFINITIONS = (
					"DEBUG=1",
					"$(inherited)",
				);
				GCC_SYMBOLS_PRIVATE_EXTERN = NO;
				GCC_WARN_64_TO_32_BIT_CONVERSION = YES;
				GCC_WARN_ABOUT_RETURN_TYPE = YES_ERROR;
				GCC_WARN_UNDECLARED_SELECTOR = YES;
				GCC_WARN_UNINITIALIZED_AUTOS = YES_AGGRESSIVE;
				GCC_WARN_UNUSED_FUNCTION = YES;
				GCC_WARN_UNUSED_VARIABLE = YES;
				IPHONEOS_DEPLOYMENT_TARGET = 7.1;
				ONLY_ACTIVE_ARCH = YES;
				SDKROOT = iphoneos;
			};
			name = Debug;
		};
		0A5F48821981482A00A1DA9A /* Release */ = {
			isa = XCBuildConfiguration;
			buildSettings = {
				ALWAYS_SEARCH_USER_PATHS = NO;
				CLANG_CXX_LANGUAGE_STANDARD = "gnu++0x";
				CLANG_CXX_LIBRARY = "libc++";
				CLANG_ENABLE_MODULES = YES;
				CLANG_ENABLE_OBJC_ARC = YES;
				CLANG_WARN_BOOL_CONVERSION = YES;
				CLANG_WARN_CONSTANT_CONVERSION = YES;
				CLANG_WARN_DIRECT_OBJC_ISA_USAGE = YES_ERROR;
				CLANG_WARN_EMPTY_BODY = YES;
				CLANG_WARN_ENUM_CONVERSION = YES;
				CLANG_WARN_INT_CONVERSION = YES;
				CLANG_WARN_OBJC_ROOT_CLASS = YES_ERROR;
				CLANG_WARN__DUPLICATE_METHOD_MATCH = YES;
				"CODE_SIGN_IDENTITY[sdk=iphoneos*]" = "iPhone Developer";
				COPY_PHASE_STRIP = YES;
				ENABLE_NS_ASSERTIONS = NO;
				GCC_C_LANGUAGE_STANDARD = gnu99;
				GCC_WARN_64_TO_32_BIT_CONVERSION = YES;
				GCC_WARN_ABOUT_RETURN_TYPE = YES_ERROR;
				GCC_WARN_UNDECLARED_SELECTOR = YES;
				GCC_WARN_UNINITIALIZED_AUTOS = YES_AGGRESSIVE;
				GCC_WARN_UNUSED_FUNCTION = YES;
				GCC_WARN_UNUSED_VARIABLE = YES;
				IPHONEOS_DEPLOYMENT_TARGET = 7.1;
				SDKROOT = iphoneos;
				VALIDATE_PRODUCT = YES;
			};
			name = Release;
		};
		0A5F48841981482A00A1DA9A /* Debug */ = {
			isa = XCBuildConfiguration;
			baseConfigurationReference = 27148062A0104A6F6FA4087F /* Pods.debug.xcconfig */;
			buildSettings = {
				ASSETCATALOG_COMPILER_APPICON_NAME = AppIcon;
				ASSETCATALOG_COMPILER_LAUNCHIMAGE_NAME = LaunchImage;
				GCC_PRECOMPILE_PREFIX_HEADER = YES;
				GCC_PREFIX_HEADER = CryptoDemo/Prefix.pch;
				HEADER_SEARCH_PATHS = (
					"$(inherited)",
					$SRCROOT/$PRODUCT_NAME/Vendors,
				);
				INFOPLIST_FILE = CryptoDemo/Info.plist;
				IPHONEOS_DEPLOYMENT_TARGET = 6.0;
				LIBRARY_SEARCH_PATHS = $SRCROOT/CryptoDemo/Vendors/openssl;
				PRODUCT_NAME = "$(TARGET_NAME)";
				WRAPPER_EXTENSION = app;
			};
			name = Debug;
		};
		0A5F48851981482A00A1DA9A /* Release */ = {
			isa = XCBuildConfiguration;
			baseConfigurationReference = 3CA9F141E0AD43D8260E61FF /* Pods.release.xcconfig */;
			buildSettings = {
				ASSETCATALOG_COMPILER_APPICON_NAME = AppIcon;
				ASSETCATALOG_COMPILER_LAUNCHIMAGE_NAME = LaunchImage;
				GCC_PRECOMPILE_PREFIX_HEADER = YES;
				GCC_PREFIX_HEADER = CryptoDemo/Prefix.pch;
				HEADER_SEARCH_PATHS = (
					"$(inherited)",
					$SRCROOT/$PRODUCT_NAME/Vendors,
				);
				INFOPLIST_FILE = CryptoDemo/Info.plist;
				IPHONEOS_DEPLOYMENT_TARGET = 6.0;
				LIBRARY_SEARCH_PATHS = $SRCROOT/CryptoDemo/Vendors/openssl;
				PRODUCT_NAME = "$(TARGET_NAME)";
				WRAPPER_EXTENSION = app;
			};
			name = Release;
		};
/* End XCBuildConfiguration section */

/* Begin XCConfigurationList section */
		0A5F48521981482A00A1DA9A /* Build configuration list for PBXProject "CryptoDemo" */ = {
			isa = XCConfigurationList;
			buildConfigurations = (
				0A5F48811981482A00A1DA9A /* Debug */,
				0A5F48821981482A00A1DA9A /* Release */,
			);
			defaultConfigurationIsVisible = 0;
			defaultConfigurationName = Release;
		};
		0A5F48831981482A00A1DA9A /* Build configuration list for PBXNativeTarget "CryptoDemo" */ = {
			isa = XCConfigurationList;
			buildConfigurations = (
				0A5F48841981482A00A1DA9A /* Debug */,
				0A5F48851981482A00A1DA9A /* Release */,
			);
			defaultConfigurationIsVisible = 0;
			defaultConfigurationName = Release;
		};
/* End XCConfigurationList section */
	};
	rootObject = 0A5F484F1981482A00A1DA9A /* Project object */;
}
